
Microsoft Visual Studio Solution File, Format Version 12.00
# Visual Studio Version 16
VisualStudioVersion = 16.0.29418.71
MinimumVisualStudioVersion = 10.0.40219.1
Project("{9A19103F-16F7-4668-BE54-9A1E7A4F7556}") = "Practice1Intro", "Practice1Intro\Practice1Intro.csproj", "{BD7B1EC2-AA31-441A-9942-2E619291BA73}"
EndProject
Project("{9A19103F-16F7-4668-BE54-9A1E7A4F7556}") = "Practice2LoginWindow", "Practice2LoginWindow\Practice2LoginWindow.csproj", "{7EACCA95-7DFE-490A-9E69-88EDAABE2715}"
EndProject
Project("{9A19103F-16F7-4668-BE54-9A1E7A4F7556}") = "Practice3LoginControlMVVM", "Practice3LoginControlMVVM\Practice3LoginControlMVVM.csproj", "{9F267C34-775D-4D53-AB85-3030350842AF}"
EndProject
Project("{FAE04EC0-301F-11D3-BF4B-00C04F79EFBC}") = "Practice4LoginControlAsync", "Practice4LoginControlAsync\Practice4LoginControlAsync.csproj", "{3396895B-AE23-434C-B773-931A84944178}"
EndProject
Project("{FAE04EC0-301F-11D3-BF4B-00C04F79EFBC}") = "Practice5Navigation", "Practice5Navigation\Practice5Navigation.csproj", "{DE04AB75-AB34-41C4-9155-4EB724774731}"
EndProject
Global
	GlobalSection(SolutionConfigurationPlatforms) = preSolution
		Debug|Any CPU = Debug|Any CPU
		Release|Any CPU = Release|Any CPU
	EndGlobalSection
	GlobalSection(ProjectConfigurationPlatforms) = postSolution
		{BD7B1EC2-AA31-441A-9942-2E619291BA73}.Debug|Any CPU.ActiveCfg = Debug|Any CPU
		{BD7B1EC2-AA31-441A-9942-2E619291BA73}.Debug|Any CPU.Build.0 = Debug|Any CPU
		{BD7B1EC2-AA31-441A-9942-2E619291BA73}.Release|Any CPU.ActiveCfg = Release|Any CPU
		{BD7B1EC2-AA31-441A-9942-2E619291BA73}.Release|Any CPU.Build.0 = Release|Any CPU
		{7EACCA95-7DFE-490A-9E69-88EDAABE2715}.Debug|Any CPU.ActiveCfg = Debug|Any CPU
		{7EACCA95-7DFE-490A-9E69-88EDAABE2715}.Debug|Any CPU.Build.0 = Debug|Any CPU
		{7EACCA95-7DFE-490A-9E69-88EDAABE2715}.Release|Any CPU.ActiveCfg = Release|Any CPU
		{7EACCA95-7DFE-490A-9E69-88EDAABE2715}.Release|Any CPU.Build.0 = Release|Any CPU
		{9F267C34-775D-4D53-AB85-3030350842AF}.Debug|Any CPU.ActiveCfg = Debug|Any CPU
		{9F267C34-775D-4D53-AB85-3030350842AF}.Debug|Any CPU.Build.0 = Debug|Any CPU
		{9F267C34-775D-4D53-AB85-3030350842AF}.Release|Any CPU.ActiveCfg = Release|Any CPU
		{9F267C34-775D-4D53-AB85-3030350842AF}.Release|Any CPU.Build.0 = Release|Any CPU
		{3396895B-AE23-434C-B773-931A84944178}.Debug|Any CPU.ActiveCfg = Debug|Any CPU
		{3396895B-AE23-434C-B773-931A84944178}.Debug|Any CPU.Build.0 = Debug|Any CPU
		{3396895B-AE23-434C-B773-931A84944178}.Release|Any CPU.ActiveCfg = Release|Any CPU
		{3396895B-AE23-434C-B773-931A84944178}.Release|Any CPU.Build.0 = Release|Any CPU
		{DE04AB75-AB34-41C4-9155-4EB724774731}.Debug|Any CPU.ActiveCfg = Debug|Any CPU
		{DE04AB75-AB34-41C4-9155-4EB724774731}.Debug|Any CPU.Build.0 = Debug|Any CPU
		{DE04AB75-AB34-41C4-9155-4EB724774731}.Release|Any CPU.ActiveCfg = Release|Any CPU
		{DE04AB75-AB34-41C4-9155-4EB724774731}.Release|Any CPU.Build.0 = Release|Any CPU
	EndGlobalSection
	GlobalSection(SolutionProperties) = preSolution
		HideSolutionNode = FALSE
	EndGlobalSection
	GlobalSection(ExtensibilityGlobals) = postSolution
		SolutionGuid = {25CA21FD-D654-4F48-8F90-C196609F5ADD}
	EndGlobalSection
EndGlobal
